
Microsoft Visual Studio Solution File, Format Version 12.00
# Visual Studio Version 17
VisualStudioVersion = 17.4.33205.214
MinimumVisualStudioVersion = 10.0.40219.1
Project("{FAE04EC0-301F-11D3-BF4B-00C04F79EFBC}") = "WindowsFormsApp_files", "WindowsFormsApp_files.csproj", "{181F8338-6A86-4D49-985A-133BCE44D8F2}"
EndProject
Global
	GlobalSection(SolutionConfigurationPlatforms) = preSolution
		Debug|Any CPU = Debug|Any CPU
		Release|Any CPU = Release|Any CPU
	EndGlobalSection
	GlobalSection(ProjectConfigurationPlatforms) = postSolution
		{181F8338-6A86-4D49-985A-133BCE44D8F2}.Debug|Any CPU.ActiveCfg = Debug|Any CPU
		{181F8338-6A86-4D49-985A-133BCE44D8F2}.Debug|Any CPU.Build.0 = Debug|Any CPU
		{181F8338-6A86-4D49-985A-133BCE44D8F2}.Release|Any CPU.ActiveCfg = Release|Any CPU
		{181F8338-6A86-4D49-985A-133BCE44D8F2}.Release|Any CPU.Build.0 = Release|Any CPU
	EndGlobalSection
	GlobalSection(SolutionProperties) = preSolution
		HideSolutionNode = FALSE
	EndGlobalSection
	GlobalSection(ExtensibilityGlobals) = postSolution
		SolutionGuid = {C7F60336-D987-4442-B136-CDBB6B361EB1}
	EndGlobalSection
EndGlobal
